
Microsoft Visual Studio Solution File, Format Version 12.00
# Visual Studio 2012
Project("{FAE04EC0-301F-11D3-BF4B-00C04F79EFBC}") = "SqlServerBakRestore", "SqlServerBakRestore\SqlServerBakRestore.csproj", "{671E7885-FB0C-44BB-AF87-9143269D7D40}"
EndProject
Global
	GlobalSection(TeamFoundationVersionControl) = preSolution
		SccNumberOfProjects = 2
		SccEnterpriseProvider = {4CA58AB2-18FA-4F8D-95D4-32DDF27D184C}
		SccTeamFoundationServer = https://huadi.tfspreview.com/defaultcollection
		SccLocalPath0 = .
		SccProjectUniqueName1 = SqlServerBakRestore\\SqlServerBakRestore.csproj
		SccProjectName1 = SqlServerBakRestore
		SccLocalPath1 = SqlServerBakRestore
	EndGlobalSection
	GlobalSection(SolutionConfigurationPlatforms) = preSolution
		Debug|Any CPU = Debug|Any CPU
		Release|Any CPU = Release|Any CPU
	EndGlobalSection
	GlobalSection(ProjectConfigurationPlatforms) = postSolution
		{671E7885-FB0C-44BB-AF87-9143269D7D40}.Debug|Any CPU.ActiveCfg = Debug|Any CPU
		{671E7885-FB0C-44BB-AF87-9143269D7D40}.Debug|Any CPU.Build.0 = Debug|Any CPU
		{671E7885-FB0C-44BB-AF87-9143269D7D40}.Release|Any CPU.ActiveCfg = Release|Any CPU
		{671E7885-FB0C-44BB-AF87-9143269D7D40}.Release|Any CPU.Build.0 = Release|Any CPU
	EndGlobalSection
	GlobalSection(SolutionProperties) = preSolution
		HideSolutionNode = FALSE
	EndGlobalSection
EndGlobal
